
Microsoft Visual Studio Solution File, Format Version 12.00
# Visual Studio Version 17
VisualStudioVersion = 17.8.34322.80
MinimumVisualStudioVersion = 10.0.40219.1
Project("{9A19103F-16F7-4668-BE54-9A1E7A4F7556}") = "E-InsuranceApp", "E-InsuranceApp\E-InsuranceApp.csproj", "{4B1860E2-FEFF-4C22-A48A-338ED6987065}"
EndProject
Project("{FAE04EC0-301F-11D3-BF4B-00C04F79EFBC}") = "BusinessLayer", "BusinessLayer\BusinessLayer.csproj", "{20E55EEE-B317-4020-9278-40F99CDCF51D}"
EndProject
Project("{FAE04EC0-301F-11D3-BF4B-00C04F79EFBC}") = "ModelLayer", "ModelLayer\ModelLayer.csproj", "{ACA4CBA2-D0B0-4AAE-82B6-CBA342ABC71A}"
EndProject
Project("{FAE04EC0-301F-11D3-BF4B-00C04F79EFBC}") = "RepositoryLayer", "RepositoryLayer\RepositoryLayer.csproj", "{634BE027-3F3D-43FC-B3D6-89AA71D982E7}"
EndProject
Global
	GlobalSection(SolutionConfigurationPlatforms) = preSolution
		Debug|Any CPU = Debug|Any CPU
		Release|Any CPU = Release|Any CPU
	EndGlobalSection
	GlobalSection(ProjectConfigurationPlatforms) = postSolution
		{4B1860E2-FEFF-4C22-A48A-338ED6987065}.Debug|Any CPU.ActiveCfg = Debug|Any CPU
		{4B1860E2-FEFF-4C22-A48A-338ED6987065}.Debug|Any CPU.Build.0 = Debug|Any CPU
		{4B1860E2-FEFF-4C22-A48A-338ED6987065}.Release|Any CPU.ActiveCfg = Release|Any CPU
		{4B1860E2-FEFF-4C22-A48A-338ED6987065}.Release|Any CPU.Build.0 = Release|Any CPU
		{20E55EEE-B317-4020-9278-40F99CDCF51D}.Debug|Any CPU.ActiveCfg = Debug|Any CPU
		{20E55EEE-B317-4020-9278-40F99CDCF51D}.Debug|Any CPU.Build.0 = Debug|Any CPU
		{20E55EEE-B317-4020-9278-40F99CDCF51D}.Release|Any CPU.ActiveCfg = Release|Any CPU
		{20E55EEE-B317-4020-9278-40F99CDCF51D}.Release|Any CPU.Build.0 = Release|Any CPU
		{ACA4CBA2-D0B0-4AAE-82B6-CBA342ABC71A}.Debug|Any CPU.ActiveCfg = Debug|Any CPU
		{ACA4CBA2-D0B0-4AAE-82B6-CBA342ABC71A}.Debug|Any CPU.Build.0 = Debug|Any CPU
		{ACA4CBA2-D0B0-4AAE-82B6-CBA342ABC71A}.Release|Any CPU.ActiveCfg = Release|Any CPU
		{ACA4CBA2-D0B0-4AAE-82B6-CBA342ABC71A}.Release|Any CPU.Build.0 = Release|Any CPU
		{634BE027-3F3D-43FC-B3D6-89AA71D982E7}.Debug|Any CPU.ActiveCfg = Debug|Any CPU
		{634BE027-3F3D-43FC-B3D6-89AA71D982E7}.Debug|Any CPU.Build.0 = Debug|Any CPU
		{634BE027-3F3D-43FC-B3D6-89AA71D982E7}.Release|Any CPU.ActiveCfg = Release|Any CPU
		{634BE027-3F3D-43FC-B3D6-89AA71D982E7}.Release|Any CPU.Build.0 = Release|Any CPU
	EndGlobalSection
	GlobalSection(SolutionProperties) = preSolution
		HideSolutionNode = FALSE
	EndGlobalSection
	GlobalSection(ExtensibilityGlobals) = postSolution
		SolutionGuid = {321B49A0-A443-447C-946A-A476455CEFE1}
	EndGlobalSection
EndGlobal
